
Microsoft Visual Studio Solution File, Format Version 12.00
# Visual Studio Version 16
VisualStudioVersion = 16.0.30204.135
MinimumVisualStudioVersion = 10.0.40219.1
Project("{FAE04EC0-301F-11D3-BF4B-00C04F79EFBC}") = "Rental_Movie", "Rental_Movie\Rental_Movie.csproj", "{86E0C0A8-8662-4B26-9372-88A882CD2EA4}"
EndProject
Global
	GlobalSection(SolutionConfigurationPlatforms) = preSolution
		Debug|Any CPU = Debug|Any CPU
		Release|Any CPU = Release|Any CPU
	EndGlobalSection
	GlobalSection(ProjectConfigurationPlatforms) = postSolution
		{86E0C0A8-8662-4B26-9372-88A882CD2EA4}.Debug|Any CPU.ActiveCfg = Debug|Any CPU
		{86E0C0A8-8662-4B26-9372-88A882CD2EA4}.Debug|Any CPU.Build.0 = Debug|Any CPU
		{86E0C0A8-8662-4B26-9372-88A882CD2EA4}.Release|Any CPU.ActiveCfg = Release|Any CPU
		{86E0C0A8-8662-4B26-9372-88A882CD2EA4}.Release|Any CPU.Build.0 = Release|Any CPU
	EndGlobalSection
	GlobalSection(SolutionProperties) = preSolution
		HideSolutionNode = FALSE
	EndGlobalSection
	GlobalSection(ExtensibilityGlobals) = postSolution
		SolutionGuid = {81200060-A2C0-4AA8-B749-9DF8631628CB}
	EndGlobalSection
EndGlobal
